// !$*UTF8*$!
{
	archiveVersion = 1;
	classes = {
	};
	objectVersion = 51;
	objects = {

/* Begin PBXBuildFile section */
		071910A664A113594ECDE109 /* Pods_Jokes_of_Norris_Jokes_of_NorrisUITests.framework in Frameworks */ = {isa = PBXBuildFile; fileRef = 124C5589BA898E5B1CE5E7BF /* Pods_Jokes_of_Norris_Jokes_of_NorrisUITests.framework */; };
		16B19D48251D52590056B0F6 /* AppDelegate.swift in Sources */ = {isa = PBXBuildFile; fileRef = 16B19D47251D52590056B0F6 /* AppDelegate.swift */; };
		16B19D4A251D52590056B0F6 /* SceneDelegate.swift in Sources */ = {isa = PBXBuildFile; fileRef = 16B19D49251D52590056B0F6 /* SceneDelegate.swift */; };
		16B19D4C251D52590056B0F6 /* ViewController.swift in Sources */ = {isa = PBXBuildFile; fileRef = 16B19D4B251D52590056B0F6 /* ViewController.swift */; };
		16B19D4F251D52590056B0F6 /* Main.storyboard in Resources */ = {isa = PBXBuildFile; fileRef = 16B19D4D251D52590056B0F6 /* Main.storyboard */; };
		16B19D51251D525C0056B0F6 /* Assets.xcassets in Resources */ = {isa = PBXBuildFile; fileRef = 16B19D50251D525C0056B0F6 /* Assets.xcassets */; };
		16B19D54251D525C0056B0F6 /* LaunchScreen.storyboard in Resources */ = {isa = PBXBuildFile; fileRef = 16B19D52251D525C0056B0F6 /* LaunchScreen.storyboard */; };
		16B19D5F251D525C0056B0F6 /* Jokes_of_NorrisTests.swift in Sources */ = {isa = PBXBuildFile; fileRef = 16B19D5E251D525C0056B0F6 /* Jokes_of_NorrisTests.swift */; };
		16B19D6A251D525C0056B0F6 /* Jokes_of_NorrisUITests.swift in Sources */ = {isa = PBXBuildFile; fileRef = 16B19D69251D525C0056B0F6 /* Jokes_of_NorrisUITests.swift */; };
		4D046E8B1AA6D401443AA28C /* Pods_Jokes_of_Norris.framework in Frameworks */ = {isa = PBXBuildFile; fileRef = 9899BE56F2930E8347EA4469 /* Pods_Jokes_of_Norris.framework */; };
		F902D62FD5F2358DBA9C5EB4 /* Pods_Jokes_of_NorrisTests.framework in Frameworks */ = {isa = PBXBuildFile; fileRef = D89B00AA3F8505A8A5A33289 /* Pods_Jokes_of_NorrisTests.framework */; };
/* End PBXBuildFile section */

/* Begin PBXContainerItemProxy section */
		16B19D5B251D525C0056B0F6 /* PBXContainerItemProxy */ = {
			isa = PBXContainerItemProxy;
			containerPortal = 16B19D3C251D52590056B0F6 /* Project object */;
			proxyType = 1;
			remoteGlobalIDString = 16B19D43251D52590056B0F6;
			remoteInfo = "Jokes of Norris";
		};
		16B19D66251D525C0056B0F6 /* PBXContainerItemProxy */ = {
			isa = PBXContainerItemProxy;
			containerPortal = 16B19D3C251D52590056B0F6 /* Project object */;
			proxyType = 1;
			remoteGlobalIDString = 16B19D43251D52590056B0F6;
			remoteInfo = "Jokes of Norris";
		};
/* End PBXContainerItemProxy section */

/* Begin PBXFileReference section */
		0C12D68FA79EE0266471314A /* Pods-Jokes of Norris.debug.xcconfig */ = {isa = PBXFileReference; includeInIndex = 1; lastKnownFileType = text.xcconfig; name = "Pods-Jokes of Norris.debug.xcconfig"; path = "Target Support Files/Pods-Jokes of Norris/Pods-Jokes of Norris.debug.xcconfig"; sourceTree = "<group>"; };
		124C5589BA898E5B1CE5E7BF /* Pods_Jokes_of_Norris_Jokes_of_NorrisUITests.framework */ = {isa = PBXFileReference; explicitFileType = wrapper.framework; includeInIndex = 0; path = Pods_Jokes_of_Norris_Jokes_of_NorrisUITests.framework; sourceTree = BUILT_PRODUCTS_DIR; };
		16B19D44251D52590056B0F6 /* Jokes of Norris.app */ = {isa = PBXFileReference; explicitFileType = wrapper.application; includeInIndex = 0; path = "Jokes of Norris.app"; sourceTree = BUILT_PRODUCTS_DIR; };
		16B19D47251D52590056B0F6 /* AppDelegate.swift */ = {isa = PBXFileReference; lastKnownFileType = sourcecode.swift; path = AppDelegate.swift; sourceTree = "<group>"; };
		16B19D49251D52590056B0F6 /* SceneDelegate.swift */ = {isa = PBXFileReference; lastKnownFileType = sourcecode.swift; path = SceneDelegate.swift; sourceTree = "<group>"; };
		16B19D4B251D52590056B0F6 /* ViewController.swift */ = {isa = PBXFileReference; lastKnownFileType = sourcecode.swift; path = ViewController.swift; sourceTree = "<group>"; };
		16B19D4E251D52590056B0F6 /* Base */ = {isa = PBXFileReference; lastKnownFileType = file.storyboard; name = Base; path = Base.lproj/Main.storyboard; sourceTree = "<group>"; };
		16B19D50251D525C0056B0F6 /* Assets.xcassets */ = {isa = PBXFileReference; lastKnownFileType = folder.assetcatalog; path = Assets.xcassets; sourceTree = "<group>"; };
		16B19D53251D525C0056B0F6 /* Base */ = {isa = PBXFileReference; lastKnownFileType = file.storyboard; name = Base; path = Base.lproj/LaunchScreen.storyboard; sourceTree = "<group>"; };
		16B19D55251D525C0056B0F6 /* Info.plist */ = {isa = PBXFileReference; lastKnownFileType = text.plist.xml; path = Info.plist; sourceTree = "<group>"; };
		16B19D5A251D525C0056B0F6 /* Jokes of NorrisTests.xctest */ = {isa = PBXFileReference; explicitFileType = wrapper.cfbundle; includeInIndex = 0; path = "Jokes of NorrisTests.xctest"; sourceTree = BUILT_PRODUCTS_DIR; };
		16B19D5E251D525C0056B0F6 /* Jokes_of_NorrisTests.swift */ = {isa = PBXFileReference; lastKnownFileType = sourcecode.swift; path = Jokes_of_NorrisTests.swift; sourceTree = "<group>"; };
		16B19D60251D525C0056B0F6 /* Info.plist */ = {isa = PBXFileReference; lastKnownFileType = text.plist.xml; path = Info.plist; sourceTree = "<group>"; };
		16B19D65251D525C0056B0F6 /* Jokes of NorrisUITests.xctest */ = {isa = PBXFileReference; explicitFileType = wrapper.cfbundle; includeInIndex = 0; path = "Jokes of NorrisUITests.xctest"; sourceTree = BUILT_PRODUCTS_DIR; };
		16B19D69251D525C0056B0F6 /* Jokes_of_NorrisUITests.swift */ = {isa = PBXFileReference; lastKnownFileType = sourcecode.swift; path = Jokes_of_NorrisUITests.swift; sourceTree = "<group>"; };
		16B19D6B251D525C0056B0F6 /* Info.plist */ = {isa = PBXFileReference; lastKnownFileType = text.plist.xml; path = Info.plist; sourceTree = "<group>"; };
		1AA1CDB8F909AF7ABD150018 /* Pods-Jokes of Norris-Jokes of NorrisUITests.release.xcconfig */ = {isa = PBXFileReference; includeInIndex = 1; lastKnownFileType = text.xcconfig; name = "Pods-Jokes of Norris-Jokes of NorrisUITests.release.xcconfig"; path = "Target Support Files/Pods-Jokes of Norris-Jokes of NorrisUITests/Pods-Jokes of Norris-Jokes of NorrisUITests.release.xcconfig"; sourceTree = "<group>"; };
		58341093FFEAF39F40F38FF7 /* Pods-Jokes of NorrisTests.release.xcconfig */ = {isa = PBXFileReference; includeInIndex = 1; lastKnownFileType = text.xcconfig; name = "Pods-Jokes of NorrisTests.release.xcconfig"; path = "Target Support Files/Pods-Jokes of NorrisTests/Pods-Jokes of NorrisTests.release.xcconfig"; sourceTree = "<group>"; };
		9899BE56F2930E8347EA4469 /* Pods_Jokes_of_Norris.framework */ = {isa = PBXFileReference; explicitFileType = wrapper.framework; includeInIndex = 0; path = Pods_Jokes_of_Norris.framework; sourceTree = BUILT_PRODUCTS_DIR; };
		C1155B8C9B590001990821CC /* Pods-Jokes of Norris-Jokes of NorrisUITests.debug.xcconfig */ = {isa = PBXFileReference; includeInIndex = 1; lastKnownFileType = text.xcconfig; name = "Pods-Jokes of Norris-Jokes of NorrisUITests.debug.xcconfig"; path = "Target Support Files/Pods-Jokes of Norris-Jokes of NorrisUITests/Pods-Jokes of Norris-Jokes of NorrisUITests.debug.xcconfig"; sourceTree = "<group>"; };
		CE2294311C0AF43BCC571D03 /* Pods-Jokes of NorrisTests.debug.xcconfig */ = {isa = PBXFileReference; includeInIndex = 1; lastKnownFileType = text.xcconfig; name = "Pods-Jokes of NorrisTests.debug.xcconfig"; path = "Target Support Files/Pods-Jokes of NorrisTests/Pods-Jokes of NorrisTests.debug.xcconfig"; sourceTree = "<group>"; };
		D89B00AA3F8505A8A5A33289 /* Pods_Jokes_of_NorrisTests.framework */ = {isa = PBXFileReference; explicitFileType = wrapper.framework; includeInIndex = 0; path = Pods_Jokes_of_NorrisTests.framework; sourceTree = BUILT_PRODUCTS_DIR; };
		E62ACA7B138BCD6B1C6047FF /* Pods-Jokes of Norris.release.xcconfig */ = {isa = PBXFileReference; includeInIndex = 1; lastKnownFileType = text.xcconfig; name = "Pods-Jokes of Norris.release.xcconfig"; path = "Target Support Files/Pods-Jokes of Norris/Pods-Jokes of Norris.release.xcconfig"; sourceTree = "<group>"; };
/* End PBXFileReference section */

/* Begin PBXFrameworksBuildPhase section */
		16B19D41251D52590056B0F6 /* Frameworks */ = {
			isa = PBXFrameworksBuildPhase;
			buildActionMask = 2147483647;
			files = (
				4D046E8B1AA6D401443AA28C /* Pods_Jokes_of_Norris.framework in Frameworks */,
			);
			runOnlyForDeploymentPostprocessing = 0;
		};
		16B19D57251D525C0056B0F6 /* Frameworks */ = {
			isa = PBXFrameworksBuildPhase;
			buildActionMask = 2147483647;
			files = (
				F902D62FD5F2358DBA9C5EB4 /* Pods_Jokes_of_NorrisTests.framework in Frameworks */,
			);
			runOnlyForDeploymentPostprocessing = 0;
		};
		16B19D62251D525C0056B0F6 /* Frameworks */ = {
			isa = PBXFrameworksBuildPhase;
			buildActionMask = 2147483647;
			files = (
				071910A664A113594ECDE109 /* Pods_Jokes_of_Norris_Jokes_of_NorrisUITests.framework in Frameworks */,
			);
			runOnlyForDeploymentPostprocessing = 0;
		};
/* End PBXFrameworksBuildPhase section */

/* Begin PBXGroup section */
		04485C7FB3E7759028A684E0 /* Pods */ = {
			isa = PBXGroup;
			children = (
				0C12D68FA79EE0266471314A /* Pods-Jokes of Norris.debug.xcconfig */,
				E62ACA7B138BCD6B1C6047FF /* Pods-Jokes of Norris.release.xcconfig */,
				C1155B8C9B590001990821CC /* Pods-Jokes of Norris-Jokes of NorrisUITests.debug.xcconfig */,
				1AA1CDB8F909AF7ABD150018 /* Pods-Jokes of Norris-Jokes of NorrisUITests.release.xcconfig */,
				CE2294311C0AF43BCC571D03 /* Pods-Jokes of NorrisTests.debug.xcconfig */,
				58341093FFEAF39F40F38FF7 /* Pods-Jokes of NorrisTests.release.xcconfig */,
			);
			path = Pods;
			sourceTree = "<group>";
		};
		16B19D3B251D52590056B0F6 = {
			isa = PBXGroup;
			children = (
				16B19D46251D52590056B0F6 /* Jokes of Norris */,
				16B19D5D251D525C0056B0F6 /* Jokes of NorrisTests */,
				16B19D68251D525C0056B0F6 /* Jokes of NorrisUITests */,
				16B19D45251D52590056B0F6 /* Products */,
				04485C7FB3E7759028A684E0 /* Pods */,
				3DF29375003249D63411C640 /* Frameworks */,
			);
			sourceTree = "<group>";
		};
		16B19D45251D52590056B0F6 /* Products */ = {
			isa = PBXGroup;
			children = (
				16B19D44251D52590056B0F6 /* Jokes of Norris.app */,
				16B19D5A251D525C0056B0F6 /* Jokes of NorrisTests.xctest */,
				16B19D65251D525C0056B0F6 /* Jokes of NorrisUITests.xctest */,
			);
			name = Products;
			sourceTree = "<group>";
		};
		16B19D46251D52590056B0F6 /* Jokes of Norris */ = {
			isa = PBXGroup;
			children = (
				16B19D47251D52590056B0F6 /* AppDelegate.swift */,
				16B19D49251D52590056B0F6 /* SceneDelegate.swift */,
				16B19D4B251D52590056B0F6 /* ViewController.swift */,
				16B19D4D251D52590056B0F6 /* Main.storyboard */,
				16B19D50251D525C0056B0F6 /* Assets.xcassets */,
				16B19D52251D525C0056B0F6 /* LaunchScreen.storyboard */,
				16B19D55251D525C0056B0F6 /* Info.plist */,
			);
			path = "Jokes of Norris";
			sourceTree = "<group>";
		};
		16B19D5D251D525C0056B0F6 /* Jokes of NorrisTests */ = {
			isa = PBXGroup;
			children = (
				16B19D5E251D525C0056B0F6 /* Jokes_of_NorrisTests.swift */,
				16B19D60251D525C0056B0F6 /* Info.plist */,
			);
			path = "Jokes of NorrisTests";
			sourceTree = "<group>";
		};
		16B19D68251D525C0056B0F6 /* Jokes of NorrisUITests */ = {
			isa = PBXGroup;
			children = (
				16B19D69251D525C0056B0F6 /* Jokes_of_NorrisUITests.swift */,
				16B19D6B251D525C0056B0F6 /* Info.plist */,
			);
			path = "Jokes of NorrisUITests";
			sourceTree = "<group>";
		};
		3DF29375003249D63411C640 /* Frameworks */ = {
			isa = PBXGroup;
			children = (
				9899BE56F2930E8347EA4469 /* Pods_Jokes_of_Norris.framework */,
				124C5589BA898E5B1CE5E7BF /* Pods_Jokes_of_Norris_Jokes_of_NorrisUITests.framework */,
				D89B00AA3F8505A8A5A33289 /* Pods_Jokes_of_NorrisTests.framework */,
			);
			name = Frameworks;
			sourceTree = "<group>";
		};
/* End PBXGroup section */

/* Begin PBXNativeTarget section */
		16B19D43251D52590056B0F6 /* Jokes of Norris */ = {
			isa = PBXNativeTarget;
			buildConfigurationList = 16B19D6E251D525C0056B0F6 /* Build configuration list for PBXNativeTarget "Jokes of Norris" */;
			buildPhases = (
				024F1AFE3903936B1F0C871F /* [CP] Check Pods Manifest.lock */,
				16B19D40251D52590056B0F6 /* Sources */,
				16B19D41251D52590056B0F6 /* Frameworks */,
				16B19D42251D52590056B0F6 /* Resources */,
				8398A34B879E4E8DBE2D4441 /* [CP] Embed Pods Frameworks */,
			);
			buildRules = (
			);
			dependencies = (
			);
			name = "Jokes of Norris";
			productName = "Jokes of Norris";
			productReference = 16B19D44251D52590056B0F6 /* Jokes of Norris.app */;
			productType = "com.apple.product-type.application";
		};
		16B19D59251D525C0056B0F6 /* Jokes of NorrisTests */ = {
			isa = PBXNativeTarget;
			buildConfigurationList = 16B19D71251D525C0056B0F6 /* Build configuration list for PBXNativeTarget "Jokes of NorrisTests" */;
			buildPhases = (
				BD0C08F0FBACFA3EE08174E4 /* [CP] Check Pods Manifest.lock */,
				16B19D56251D525C0056B0F6 /* Sources */,
				16B19D57251D525C0056B0F6 /* Frameworks */,
				16B19D58251D525C0056B0F6 /* Resources */,
			);
			buildRules = (
			);
			dependencies = (
				16B19D5C251D525C0056B0F6 /* PBXTargetDependency */,
			);
			name = "Jokes of NorrisTests";
			productName = "Jokes of NorrisTests";
			productReference = 16B19D5A251D525C0056B0F6 /* Jokes of NorrisTests.xctest */;
			productType = "com.apple.product-type.bundle.unit-test";
		};
		16B19D64251D525C0056B0F6 /* Jokes of NorrisUITests */ = {
			isa = PBXNativeTarget;
			buildConfigurationList = 16B19D74251D525C0056B0F6 /* Build configuration list for PBXNativeTarget "Jokes of NorrisUITests" */;
			buildPhases = (
				06C0089124DAAC12E17D8FDF /* [CP] Check Pods Manifest.lock */,
				16B19D61251D525C0056B0F6 /* Sources */,
				16B19D62251D525C0056B0F6 /* Frameworks */,
				16B19D63251D525C0056B0F6 /* Resources */,
				6C13532B66B3C05D3C921AC0 /* [CP] Embed Pods Frameworks */,
			);
			buildRules = (
			);
			dependencies = (
				16B19D67251D525C0056B0F6 /* PBXTargetDependency */,
			);
			name = "Jokes of NorrisUITests";
			productName = "Jokes of NorrisUITests";
			productReference = 16B19D65251D525C0056B0F6 /* Jokes of NorrisUITests.xctest */;
			productType = "com.apple.product-type.bundle.ui-testing";
		};
/* End PBXNativeTarget section */

/* Begin PBXProject section */
		16B19D3C251D52590056B0F6 /* Project object */ = {
			isa = PBXProject;
			attributes = {
				LastSwiftUpdateCheck = 1200;
				LastUpgradeCheck = 1200;
				TargetAttributes = {
					16B19D43251D52590056B0F6 = {
						CreatedOnToolsVersion = 12.0;
					};
					16B19D59251D525C0056B0F6 = {
						CreatedOnToolsVersion = 12.0;
						TestTargetID = 16B19D43251D52590056B0F6;
					};
					16B19D64251D525C0056B0F6 = {
						CreatedOnToolsVersion = 12.0;
						TestTargetID = 16B19D43251D52590056B0F6;
					};
				};
			};
			buildConfigurationList = 16B19D3F251D52590056B0F6 /* Build configuration list for PBXProject "Jokes of Norris" */;
			compatibilityVersion = "Xcode 9.3";
			developmentRegion = en;
			hasScannedForEncodings = 0;
			knownRegions = (
				en,
				Base,
			);
			mainGroup = 16B19D3B251D52590056B0F6;
			productRefGroup = 16B19D45251D52590056B0F6 /* Products */;
			projectDirPath = "";
			projectRoot = "";
			targets = (
				16B19D43251D52590056B0F6 /* Jokes of Norris */,
				16B19D59251D525C0056B0F6 /* Jokes of NorrisTests */,
				16B19D64251D525C0056B0F6 /* Jokes of NorrisUITests */,
			);
		};
/* End PBXProject section */

/* Begin PBXResourcesBuildPhase section */
		16B19D42251D52590056B0F6 /* Resources */ = {
			isa = PBXResourcesBuildPhase;
			buildActionMask = 2147483647;
			files = (
				16B19D54251D525C0056B0F6 /* LaunchScreen.storyboard in Resources */,
				16B19D51251D525C0056B0F6 /* Assets.xcassets in Resources */,
				16B19D4F251D52590056B0F6 /* Main.storyboard in Resources */,
			);
			runOnlyForDeploymentPostprocessing = 0;
		};
		16B19D58251D525C0056B0F6 /* Resources */ = {
			isa = PBXResourcesBuildPhase;
			buildActionMask = 2147483647;
			files = (
			);
			runOnlyForDeploymentPostprocessing = 0;
		};
		16B19D63251D525C0056B0F6 /* Resources */ = {
			isa = PBXResourcesBuildPhase;
			buildActionMask = 2147483647;
			files = (
			);
			runOnlyForDeploymentPostprocessing = 0;
		};
/* End PBXResourcesBuildPhase section */

/* Begin PBXShellScriptBuildPhase section */
		024F1AFE3903936B1F0C871F /* [CP] Check Pods Manifest.lock */ = {
			isa = PBXShellScriptBuildPhase;
			buildActionMask = 2147483647;
			files = (
			);
			inputFileListPaths = (
			);
			inputPaths = (
				"${PODS_PODFILE_DIR_PATH}/Podfile.lock",
				"${PODS_ROOT}/Manifest.lock",
			);
			name = "[CP] Check Pods Manifest.lock";
			outputFileListPaths = (
			);
			outputPaths = (
				"$(DERIVED_FILE_DIR)/Pods-Jokes of Norris-checkManifestLockResult.txt",
			);
			runOnlyForDeploymentPostprocessing = 0;
			shellPath = /bin/sh;
			shellScript = "diff \"${PODS_PODFILE_DIR_PATH}/Podfile.lock\" \"${PODS_ROOT}/Manifest.lock\" > /dev/null\nif [ $? != 0 ] ; then\n    # print error to STDERR\n    echo \"error: The sandbox is not in sync with the Podfile.lock. Run 'pod install' or update your CocoaPods installation.\" >&2\n    exit 1\nfi\n# This output is used by Xcode 'outputs' to avoid re-running this script phase.\necho \"SUCCESS\" > \"${SCRIPT_OUTPUT_FILE_0}\"\n";
			showEnvVarsInLog = 0;
		};
		06C0089124DAAC12E17D8FDF /* [CP] Check Pods Manifest.lock */ = {
			isa = PBXShellScriptBuildPhase;
			buildActionMask = 2147483647;
			files = (
			);
			inputFileListPaths = (
			);
			inputPaths = (
				"${PODS_PODFILE_DIR_PATH}/Podfile.lock",
				"${PODS_ROOT}/Manifest.lock",
			);
			name = "[CP] Check Pods Manifest.lock";
			outputFileListPaths = (
			);
			outputPaths = (
				"$(DERIVED_FILE_DIR)/Pods-Jokes of Norris-Jokes of NorrisUITests-checkManifestLockResult.txt",
			);
			runOnlyForDeploymentPostprocessing = 0;
			shellPath = /bin/sh;
			shellScript = "diff \"${PODS_PODFILE_DIR_PATH}/Podfile.lock\" \"${PODS_ROOT}/Manifest.lock\" > /dev/null\nif [ $? != 0 ] ; then\n    # print error to STDERR\n    echo \"error: The sandbox is not in sync with the Podfile.lock. Run 'pod install' or update your CocoaPods installation.\" >&2\n    exit 1\nfi\n# This output is used by Xcode 'outputs' to avoid re-running this script phase.\necho \"SUCCESS\" > \"${SCRIPT_OUTPUT_FILE_0}\"\n";
			showEnvVarsInLog = 0;
		};
		6C13532B66B3C05D3C921AC0 /* [CP] Embed Pods Frameworks */ = {
			isa = PBXShellScriptBuildPhase;
			buildActionMask = 2147483647;
			files = (
			);
			inputFileListPaths = (
				"${PODS_ROOT}/Target Support Files/Pods-Jokes of Norris-Jokes of NorrisUITests/Pods-Jokes of Norris-Jokes of NorrisUITests-frameworks-${CONFIGURATION}-input-files.xcfilelist",
			);
			name = "[CP] Embed Pods Frameworks";
			outputFileListPaths = (
				"${PODS_ROOT}/Target Support Files/Pods-Jokes of Norris-Jokes of NorrisUITests/Pods-Jokes of Norris-Jokes of NorrisUITests-frameworks-${CONFIGURATION}-output-files.xcfilelist",
			);
			runOnlyForDeploymentPostprocessing = 0;
			shellPath = /bin/sh;
			shellScript = "\"${PODS_ROOT}/Target Support Files/Pods-Jokes of Norris-Jokes of NorrisUITests/Pods-Jokes of Norris-Jokes of NorrisUITests-frameworks.sh\"\n";
			showEnvVarsInLog = 0;
		};
		8398A34B879E4E8DBE2D4441 /* [CP] Embed Pods Frameworks */ = {
			isa = PBXShellScriptBuildPhase;
			buildActionMask = 2147483647;
			files = (
			);
			inputFileListPaths = (
				"${PODS_ROOT}/Target Support Files/Pods-Jokes of Norris/Pods-Jokes of Norris-frameworks-${CONFIGURATION}-input-files.xcfilelist",
			);
			name = "[CP] Embed Pods Frameworks";
			outputFileListPaths = (
				"${PODS_ROOT}/Target Support Files/Pods-Jokes of Norris/Pods-Jokes of Norris-frameworks-${CONFIGURATION}-output-files.xcfilelist",
			);
			runOnlyForDeploymentPostprocessing = 0;
			shellPath = /bin/sh;
			shellScript = "\"${PODS_ROOT}/Target Support Files/Pods-Jokes of Norris/Pods-Jokes of Norris-frameworks.sh\"\n";
			showEnvVarsInLog = 0;
		};
		BD0C08F0FBACFA3EE08174E4 /* [CP] Check Pods Manifest.lock */ = {
			isa = PBXShellScriptBuildPhase;
			buildActionMask = 2147483647;
			files = (
			);
			inputFileListPaths = (
			);
			inputPaths = (
				"${PODS_PODFILE_DIR_PATH}/Podfile.lock",
				"${PODS_ROOT}/Manifest.lock",
			);
			name = "[CP] Check Pods Manifest.lock";
			outputFileListPaths = (
			);
			outputPaths = (
				"$(DERIVED_FILE_DIR)/Pods-Jokes of NorrisTests-checkManifestLockResult.txt",
			);
			runOnlyForDeploymentPostprocessing = 0;
			shellPath = /bin/sh;
			shellScript = "diff \"${PODS_PODFILE_DIR_PATH}/Podfile.lock\" \"${PODS_ROOT}/Manifest.lock\" > /dev/null\nif [ $? != 0 ] ; then\n    # print error to STDERR\n    echo \"error: The sandbox is not in sync with the Podfile.lock. Run 'pod install' or update your CocoaPods installation.\" >&2\n    exit 1\nfi\n# This output is used by Xcode 'outputs' to avoid re-running this script phase.\necho \"SUCCESS\" > \"${SCRIPT_OUTPUT_FILE_0}\"\n";
			showEnvVarsInLog = 0;
		};
/* End PBXShellScriptBuildPhase section */

/* Begin PBXSourcesBuildPhase section */
		16B19D40251D52590056B0F6 /* Sources */ = {
			isa = PBXSourcesBuildPhase;
			buildActionMask = 2147483647;
			files = (
				16B19D4C251D52590056B0F6 /* ViewController.swift in Sources */,
				16B19D48251D52590056B0F6 /* AppDelegate.swift in Sources */,
				16B19D4A251D52590056B0F6 /* SceneDelegate.swift in Sources */,
			);
			runOnlyForDeploymentPostprocessing = 0;
		};
		16B19D56251D525C0056B0F6 /* Sources */ = {
			isa = PBXSourcesBuildPhase;
			buildActionMask = 2147483647;
			files = (
				16B19D5F251D525C0056B0F6 /* Jokes_of_NorrisTests.swift in Sources */,
			);
			runOnlyForDeploymentPostprocessing = 0;
		};
		16B19D61251D525C0056B0F6 /* Sources */ = {
			isa = PBXSourcesBuildPhase;
			buildActionMask = 2147483647;
			files = (
				16B19D6A251D525C0056B0F6 /* Jokes_of_NorrisUITests.swift in Sources */,
			);
			runOnlyForDeploymentPostprocessing = 0;
		};
/* End PBXSourcesBuildPhase section */

/* Begin PBXTargetDependency section */
		16B19D5C251D525C0056B0F6 /* PBXTargetDependency */ = {
			isa = PBXTargetDependency;
			target = 16B19D43251D52590056B0F6 /* Jokes of Norris */;
			targetProxy = 16B19D5B251D525C0056B0F6 /* PBXContainerItemProxy */;
		};
		16B19D67251D525C0056B0F6 /* PBXTargetDependency */ = {
			isa = PBXTargetDependency;
			target = 16B19D43251D52590056B0F6 /* Jokes of Norris */;
			targetProxy = 16B19D66251D525C0056B0F6 /* PBXContainerItemProxy */;
		};
/* End PBXTargetDependency section */

/* Begin PBXVariantGroup section */
		16B19D4D251D52590056B0F6 /* Main.storyboard */ = {
			isa = PBXVariantGroup;
			children = (
				16B19D4E251D52590056B0F6 /* Base */,
			);
			name = Main.storyboard;
			sourceTree = "<group>";
		};
		16B19D52251D525C0056B0F6 /* LaunchScreen.storyboard */ = {
			isa = PBXVariantGroup;
			children = (
				16B19D53251D525C0056B0F6 /* Base */,
			);
			name = LaunchScreen.storyboard;
			sourceTree = "<group>";
		};
/* End PBXVariantGroup section */

/* Begin XCBuildConfiguration section */
		16B19D6C251D525C0056B0F6 /* Debug */ = {
			isa = XCBuildConfiguration;
			buildSettings = {
				ALWAYS_SEARCH_USER_PATHS = NO;
				CLANG_ANALYZER_NONNULL = YES;
				CLANG_ANALYZER_NUMBER_OBJECT_CONVERSION = YES_AGGRESSIVE;
				CLANG_CXX_LANGUAGE_STANDARD = "gnu++14";
				CLANG_CXX_LIBRARY = "libc++";
				CLANG_ENABLE_MODULES = YES;
				CLANG_ENABLE_OBJC_ARC = YES;
				CLANG_ENABLE_OBJC_WEAK = YES;
				CLANG_WARN_BLOCK_CAPTURE_AUTORELEASING = YES;
				CLANG_WARN_BOOL_CONVERSION = YES;
				CLANG_WARN_COMMA = YES;
				CLANG_WARN_CONSTANT_CONVERSION = YES;
				CLANG_WARN_DEPRECATED_OBJC_IMPLEMENTATIONS = YES;
				CLANG_WARN_DIRECT_OBJC_ISA_USAGE = YES_ERROR;
				CLANG_WARN_DOCUMENTATION_COMMENTS = YES;
				CLANG_WARN_EMPTY_BODY = YES;
				CLANG_WARN_ENUM_CONVERSION = YES;
				CLANG_WARN_INFINITE_RECURSION = YES;
				CLANG_WARN_INT_CONVERSION = YES;
				CLANG_WARN_NON_LITERAL_NULL_CONVERSION = YES;
				CLANG_WARN_OBJC_IMPLICIT_RETAIN_SELF = YES;
				CLANG_WARN_OBJC_LITERAL_CONVERSION = YES;
				CLANG_WARN_OBJC_ROOT_CLASS = YES_ERROR;
				CLANG_WARN_QUOTED_INCLUDE_IN_FRAMEWORK_HEADER = YES;
				CLANG_WARN_RANGE_LOOP_ANALYSIS = YES;
				CLANG_WARN_STRICT_PROTOTYPES = YES;
				CLANG_WARN_SUSPICIOUS_MOVE = YES;
				CLANG_WARN_UNGUARDED_AVAILABILITY = YES_AGGRESSIVE;
				CLANG_WARN_UNREACHABLE_CODE = YES;
				CLANG_WARN__DUPLICATE_METHOD_MATCH = YES;
				COPY_PHASE_STRIP = NO;
				DEBUG_INFORMATION_FORMAT = dwarf;
				ENABLE_STRICT_OBJC_MSGSEND = YES;
				ENABLE_TESTABILITY = YES;
				GCC_C_LANGUAGE_STANDARD = gnu11;
				GCC_DYNAMIC_NO_PIC = NO;
				GCC_NO_COMMON_BLOCKS = YES;
				GCC_OPTIMIZATION_LEVEL = 0;
				GCC_PREPROCESSOR_DEFINITIONS = (
					"DEBUG=1",
					"$(inherited)",
				);
				GCC_WARN_64_TO_32_BIT_CONVERSION = YES;
				GCC_WARN_ABOUT_RETURN_TYPE = YES_ERROR;
				GCC_WARN_UNDECLARED_SELECTOR = YES;
				GCC_WARN_UNINITIALIZED_AUTOS = YES_AGGRESSIVE;
				GCC_WARN_UNUSED_FUNCTION = YES;
				GCC_WARN_UNUSED_VARIABLE = YES;
				IPHONEOS_DEPLOYMENT_TARGET = 14.0;
				MTL_ENABLE_DEBUG_INFO = INCLUDE_SOURCE;
				MTL_FAST_MATH = YES;
				ONLY_ACTIVE_ARCH = YES;
				SDKROOT = iphoneos;
				SWIFT_ACTIVE_COMPILATION_CONDITIONS = DEBUG;
				SWIFT_OPTIMIZATION_LEVEL = "-Onone";
			};
			name = Debug;
		};
		16B19D6D251D525C0056B0F6 /* Release */ = {
			isa = XCBuildConfiguration;
			buildSettings = {
				ALWAYS_SEARCH_USER_PATHS = NO;
				CLANG_ANALYZER_NONNULL = YES;
				CLANG_ANALYZER_NUMBER_OBJECT_CONVERSION = YES_AGGRESSIVE;
				CLANG_CXX_LANGUAGE_STANDARD = "gnu++14";
				CLANG_CXX_LIBRARY = "libc++";
				CLANG_ENABLE_MODULES = YES;
				CLANG_ENABLE_OBJC_ARC = YES;
				CLANG_ENABLE_OBJC_WEAK = YES;
				CLANG_WARN_BLOCK_CAPTURE_AUTORELEASING = YES;
				CLANG_WARN_BOOL_CONVERSION = YES;
				CLANG_WARN_COMMA = YES;
				CLANG_WARN_CONSTANT_CONVERSION = YES;
				CLANG_WARN_DEPRECATED_OBJC_IMPLEMENTATIONS = YES;
				CLANG_WARN_DIRECT_OBJC_ISA_USAGE = YES_ERROR;
				CLANG_WARN_DOCUMENTATION_COMMENTS = YES;
				CLANG_WARN_EMPTY_BODY = YES;
				CLANG_WARN_ENUM_CONVERSION = YES;
				CLANG_WARN_INFINITE_RECURSION = YES;
				CLANG_WARN_INT_CONVERSION = YES;
				CLANG_WARN_NON_LITERAL_NULL_CONVERSION = YES;
				CLANG_WARN_OBJC_IMPLICIT_RETAIN_SELF = YES;
				CLANG_WARN_OBJC_LITERAL_CONVERSION = YES;
				CLANG_WARN_OBJC_ROOT_CLASS = YES_ERROR;
				CLANG_WARN_QUOTED_INCLUDE_IN_FRAMEWORK_HEADER = YES;
				CLANG_WARN_RANGE_LOOP_ANALYSIS = YES;
				CLANG_WARN_STRICT_PROTOTYPES = YES;
				CLANG_WARN_SUSPICIOUS_MOVE = YES;
				CLANG_WARN_UNGUARDED_AVAILABILITY = YES_AGGRESSIVE;
				CLANG_WARN_UNREACHABLE_CODE = YES;
				CLANG_WARN__DUPLICATE_METHOD_MATCH = YES;
				COPY_PHASE_STRIP = NO;
				DEBUG_INFORMATION_FORMAT = "dwarf-with-dsym";
				ENABLE_NS_ASSERTIONS = NO;
				ENABLE_STRICT_OBJC_MSGSEND = YES;
				GCC_C_LANGUAGE_STANDARD = gnu11;
				GCC_NO_COMMON_BLOCKS = YES;
				GCC_WARN_64_TO_32_BIT_CONVERSION = YES;
				GCC_WARN_ABOUT_RETURN_TYPE = YES_ERROR;
				GCC_WARN_UNDECLARED_SELECTOR = YES;
				GCC_WARN_UNINITIALIZED_AUTOS = YES_AGGRESSIVE;
				GCC_WARN_UNUSED_FUNCTION = YES;
				GCC_WARN_UNUSED_VARIABLE = YES;
				IPHONEOS_DEPLOYMENT_TARGET = 14.0;
				MTL_ENABLE_DEBUG_INFO = NO;
				MTL_FAST_MATH = YES;
				SDKROOT = iphoneos;
				SWIFT_COMPILATION_MODE = wholemodule;
				SWIFT_OPTIMIZATION_LEVEL = "-O";
				VALIDATE_PRODUCT = YES;
			};
			name = Release;
		};
		16B19D6F251D525C0056B0F6 /* Debug */ = {
			isa = XCBuildConfiguration;
			baseConfigurationReference = 0C12D68FA79EE0266471314A /* Pods-Jokes of Norris.debug.xcconfig */;
			buildSettings = {
				ASSETCATALOG_COMPILER_APPICON_NAME = AppIcon;
				ASSETCATALOG_COMPILER_GLOBAL_ACCENT_COLOR_NAME = AccentColor;
				CODE_SIGN_IDENTITY = "Apple Development";
				CODE_SIGN_STYLE = Automatic;
				DEVELOPMENT_TEAM = VW39WJK3NP;
				INFOPLIST_FILE = "Jokes of Norris/Info.plist";
				LD_RUNPATH_SEARCH_PATHS = (
					"$(inherited)",
					"@executable_path/Frameworks",
				);
				PRODUCT_BUNDLE_IDENTIFIER = br.norrisFacts;
				PRODUCT_NAME = "$(TARGET_NAME)";
				PROVISIONING_PROFILE_SPECIFIER = "";
				SWIFT_VERSION = 5.0;
				TARGETED_DEVICE_FAMILY = "1,2";
			};
			name = Debug;
		};
		16B19D70251D525C0056B0F6 /* Release */ = {
			isa = XCBuildConfiguration;
			baseConfigurationReference = E62ACA7B138BCD6B1C6047FF /* Pods-Jokes of Norris.release.xcconfig */;
			buildSettings = {
				ASSETCATALOG_COMPILER_APPICON_NAME = AppIcon;
				ASSETCATALOG_COMPILER_GLOBAL_ACCENT_COLOR_NAME = AccentColor;
				CODE_SIGN_IDENTITY = "Apple Development";
				CODE_SIGN_STYLE = Automatic;
				DEVELOPMENT_TEAM = VW39WJK3NP;
				INFOPLIST_FILE = "Jokes of Norris/Info.plist";
				LD_RUNPATH_SEARCH_PATHS = (
					"$(inherited)",
					"@executable_path/Frameworks",
				);
				PRODUCT_BUNDLE_IDENTIFIER = br.norrisFacts;
				PRODUCT_NAME = "$(TARGET_NAME)";
				PROVISIONING_PROFILE_SPECIFIER = "";
				SWIFT_VERSION = 5.0;
				TARGETED_DEVICE_FAMILY = "1,2";
			};
			name = Release;
		};
		16B19D72251D525C0056B0F6 /* Debug */ = {
			isa = XCBuildConfiguration;
			baseConfigurationReference = CE2294311C0AF43BCC571D03 /* Pods-Jokes of NorrisTests.debug.xcconfig */;
			buildSettings = {
				ALWAYS_EMBED_SWIFT_STANDARD_LIBRARIES = YES;
				BUNDLE_LOADER = "$(TEST_HOST)";
				CODE_SIGN_STYLE = Automatic;
				INFOPLIST_FILE = "Jokes of NorrisTests/Info.plist";
				IPHONEOS_DEPLOYMENT_TARGET = 14.0;
				LD_RUNPATH_SEARCH_PATHS = (
					"$(inherited)",
					"@executable_path/Frameworks",
					"@loader_path/Frameworks",
				);
				PRODUCT_BUNDLE_IDENTIFIER = "bruno.Jokes-of-NorrisTests";
				PRODUCT_NAME = "$(TARGET_NAME)";
				SWIFT_VERSION = 5.0;
				TARGETED_DEVICE_FAMILY = "1,2";
				TEST_HOST = "$(BUILT_PRODUCTS_DIR)/Jokes of Norris.app/Jokes of Norris";
			};
			name = Debug;
		};
		16B19D73251D525C0056B0F6 /* Release */ = {
			isa = XCBuildConfiguration;
			baseConfigurationReference = 58341093FFEAF39F40F38FF7 /* Pods-Jokes of NorrisTests.release.xcconfig */;
			buildSettings = {
				ALWAYS_EMBED_SWIFT_STANDARD_LIBRARIES = YES;
				BUNDLE_LOADER = "$(TEST_HOST)";
				CODE_SIGN_STYLE = Automatic;
				INFOPLIST_FILE = "Jokes of NorrisTests/Info.plist";
				IPHONEOS_DEPLOYMENT_TARGET = 14.0;
				LD_RUNPATH_SEARCH_PATHS = (
					"$(inherited)",
					"@executable_path/Frameworks",
					"@loader_path/Frameworks",
				);
				PRODUCT_BUNDLE_IDENTIFIER = "bruno.Jokes-of-NorrisTests";
				PRODUCT_NAME = "$(TARGET_NAME)";
				SWIFT_VERSION = 5.0;
				TARGETED_DEVICE_FAMILY = "1,2";
				TEST_HOST = "$(BUILT_PRODUCTS_DIR)/Jokes of Norris.app/Jokes of Norris";
			};
			name = Release;
		};
		16B19D75251D525C0056B0F6 /* Debug */ = {
			isa = XCBuildConfiguration;
			baseConfigurationReference = C1155B8C9B590001990821CC /* Pods-Jokes of Norris-Jokes of NorrisUITests.debug.xcconfig */;
			buildSettings = {
				ALWAYS_EMBED_SWIFT_STANDARD_LIBRARIES = YES;
				CODE_SIGN_STYLE = Automatic;
				INFOPLIST_FILE = "Jokes of NorrisUITests/Info.plist";
				LD_RUNPATH_SEARCH_PATHS = (
					"$(inherited)",
					"@executable_path/Frameworks",
					"@loader_path/Frameworks",
				);
				PRODUCT_BUNDLE_IDENTIFIER = "bruno.Jokes-of-NorrisUITests";
				PRODUCT_NAME = "$(TARGET_NAME)";
				SWIFT_VERSION = 5.0;
				TARGETED_DEVICE_FAMILY = "1,2";
				TEST_TARGET_NAME = "Jokes of Norris";
			};
			name = Debug;
		};
		16B19D76251D525C0056B0F6 /* Release */ = {
			isa = XCBuildConfiguration;
			baseConfigurationReference = 1AA1CDB8F909AF7ABD150018 /* Pods-Jokes of Norris-Jokes of NorrisUITests.release.xcconfig */;
			buildSettings = {
				ALWAYS_EMBED_SWIFT_STANDARD_LIBRARIES = YES;
				CODE_SIGN_STYLE = Automatic;
				INFOPLIST_FILE = "Jokes of NorrisUITests/Info.plist";
				LD_RUNPATH_SEARCH_PATHS = (
					"$(inherited)",
					"@executable_path/Frameworks",
					"@loader_path/Frameworks",
				);
				PRODUCT_BUNDLE_IDENTIFIER = "bruno.Jokes-of-NorrisUITests";
				PRODUCT_NAME = "$(TARGET_NAME)";
				SWIFT_VERSION = 5.0;
				TARGETED_DEVICE_FAMILY = "1,2";
				TEST_TARGET_NAME = "Jokes of Norris";
			};
			name = Release;
		};
/* End XCBuildConfiguration section */

/* Begin XCConfigurationList section */
		16B19D3F251D52590056B0F6 /* Build configuration list for PBXProject "Jokes of Norris" */ = {
			isa = XCConfigurationList;
			buildConfigurations = (
				16B19D6C251D525C0056B0F6 /* Debug */,
				16B19D6D251D525C0056B0F6 /* Release */,
			);
			defaultConfigurationIsVisible = 0;
			defaultConfigurationName = Release;
		};
		16B19D6E251D525C0056B0F6 /* Build configuration list for PBXNativeTarget "Jokes of Norris" */ = {
			isa = XCConfigurationList;
			buildConfigurations = (
				16B19D6F251D525C0056B0F6 /* Debug */,
				16B19D70251D525C0056B0F6 /* Release */,
			);
			defaultConfigurationIsVisible = 0;
			defaultConfigurationName = Release;
		};
		16B19D71251D525C0056B0F6 /* Build configuration list for PBXNativeTarget "Jokes of NorrisTests" */ = {
			isa = XCConfigurationList;
			buildConfigurations = (
				16B19D72251D525C0056B0F6 /* Debug */,
				16B19D73251D525C0056B0F6 /* Release */,
			);
			defaultConfigurationIsVisible = 0;
			defaultConfigurationName = Release;
		};
		16B19D74251D525C0056B0F6 /* Build configuration list for PBXNativeTarget "Jokes of NorrisUITests" */ = {
			isa = XCConfigurationList;
			buildConfigurations = (
				16B19D75251D525C0056B0F6 /* Debug */,
				16B19D76251D525C0056B0F6 /* Release */,
			);
			defaultConfigurationIsVisible = 0;
			defaultConfigurationName = Release;
		};
/* End XCConfigurationList section */
	};
	rootObject = 16B19D3C251D52590056B0F6 /* Project object */;
}
